// !$*UTF8*$!
{
	archiveVersion = 1;
	classes = {
	};
	objectVersion = 50;
	objects = {

/* Begin PBXBuildFile section */
		E8EE387F22E49E6C00869CA5 /* AppDelegate.swift in Sources */ = {isa = PBXBuildFile; fileRef = E8EE387E22E49E6C00869CA5 /* AppDelegate.swift */; };
		E8EE388122E49E6C00869CA5 /* ViewController.swift in Sources */ = {isa = PBXBuildFile; fileRef = E8EE388022E49E6C00869CA5 /* ViewController.swift */; };
		E8EE388422E49E6C00869CA5 /* Main.storyboard in Resources */ = {isa = PBXBuildFile; fileRef = E8EE388222E49E6C00869CA5 /* Main.storyboard */; };
		E8EE388622E49E6D00869CA5 /* Assets.xcassets in Resources */ = {isa = PBXBuildFile; fileRef = E8EE388522E49E6D00869CA5 /* Assets.xcassets */; };
		E8EE388922E49E6D00869CA5 /* LaunchScreen.storyboard in Resources */ = {isa = PBXBuildFile; fileRef = E8EE388722E49E6D00869CA5 /* LaunchScreen.storyboard */; };
		E8EE389122E4E56500869CA5 /* SecondScreenVC.swift in Sources */ = {isa = PBXBuildFile; fileRef = E8EE389022E4E56500869CA5 /* SecondScreenVC.swift */; };
/* End PBXBuildFile section */

/* Begin PBXFileReference section */
		E8EE387B22E49E6C00869CA5 /* CompDemo.app */ = {isa = PBXFileReference; explicitFileType = wrapper.application; includeInIndex = 0; path = CompDemo.app; sourceTree = BUILT_PRODUCTS_DIR; };
		E8EE387E22E49E6C00869CA5 /* AppDelegate.swift */ = {isa = PBXFileReference; lastKnownFileType = sourcecode.swift; path = AppDelegate.swift; sourceTree = "<group>"; };
		E8EE388022E49E6C00869CA5 /* ViewController.swift */ = {isa = PBXFileReference; lastKnownFileType = sourcecode.swift; path = ViewController.swift; sourceTree = "<group>"; };
		E8EE388322E49E6C00869CA5 /* Base */ = {isa = PBXFileReference; lastKnownFileType = file.storyboard; name = Base; path = Base.lproj/Main.storyboard; sourceTree = "<group>"; };
		E8EE388522E49E6D00869CA5 /* Assets.xcassets */ = {isa = PBXFileReference; lastKnownFileType = folder.assetcatalog; path = Assets.xcassets; sourceTree = "<group>"; };
		E8EE388822E49E6D00869CA5 /* Base */ = {isa = PBXFileReference; lastKnownFileType = file.storyboard; name = Base; path = Base.lproj/LaunchScreen.storyboard; sourceTree = "<group>"; };
		E8EE388A22E49E6D00869CA5 /* Info.plist */ = {isa = PBXFileReference; lastKnownFileType = text.plist.xml; path = Info.plist; sourceTree = "<group>"; };
		E8EE389022E4E56500869CA5 /* SecondScreenVC.swift */ = {isa = PBXFileReference; lastKnownFileType = sourcecode.swift; path = SecondScreenVC.swift; sourceTree = "<group>"; };
/* End PBXFileReference section */

/* Begin PBXFrameworksBuildPhase section */
		E8EE387822E49E6C00869CA5 /* Frameworks */ = {
			isa = PBXFrameworksBuildPhase;
			buildActionMask = 2147483647;
			files = (
			);
			runOnlyForDeploymentPostprocessing = 0;
		};
/* End PBXFrameworksBuildPhase section */

/* Begin PBXGroup section */
		E8EE387222E49E6C00869CA5 = {
			isa = PBXGroup;
			children = (
				E8EE387D22E49E6C00869CA5 /* CompDemo */,
				E8EE387C22E49E6C00869CA5 /* Products */,
			);
			sourceTree = "<group>";
		};
		E8EE387C22E49E6C00869CA5 /* Products */ = {
			isa = PBXGroup;
			children = (
				E8EE387B22E49E6C00869CA5 /* CompDemo.app */,
			);
			name = Products;
			sourceTree = "<group>";
		};
		E8EE387D22E49E6C00869CA5 /* CompDemo */ = {
			isa = PBXGroup;
			children = (
				E8EE387E22E49E6C00869CA5 /* AppDelegate.swift */,
				E8EE388022E49E6C00869CA5 /* ViewController.swift */,
				E8EE389022E4E56500869CA5 /* SecondScreenVC.swift */,
				E8EE388222E49E6C00869CA5 /* Main.storyboard */,
				E8EE388522E49E6D00869CA5 /* Assets.xcassets */,
				E8EE388722E49E6D00869CA5 /* LaunchScreen.storyboard */,
				E8EE388A22E49E6D00869CA5 /* Info.plist */,
			);
			path = CompDemo;
			sourceTree = "<group>";
		};
/* End PBXGroup section */

/* Begin PBXNativeTarget section */
		E8EE387A22E49E6C00869CA5 /* CompDemo */ = {
			isa = PBXNativeTarget;
			buildConfigurationList = E8EE388D22E49E6D00869CA5 /* Build configuration list for PBXNativeTarget "CompDemo" */;
			buildPhases = (
				E8EE387722E49E6C00869CA5 /* Sources */,
				E8EE387822E49E6C00869CA5 /* Frameworks */,
				E8EE387922E49E6C00869CA5 /* Resources */,
			);
			buildRules = (
			);
			dependencies = (
			);
			name = CompDemo;
			productName = CompDemo;
			productReference = E8EE387B22E49E6C00869CA5 /* CompDemo.app */;
			productType = "com.apple.product-type.application";
		};
/* End PBXNativeTarget section */

/* Begin PBXProject section */
		E8EE387322E49E6C00869CA5 /* Project object */ = {
			isa = PBXProject;
			attributes = {
				LastSwiftUpdateCheck = 1020;
				LastUpgradeCheck = 1020;
				ORGANIZATIONNAME = "Igor Tro";
				TargetAttributes = {
					E8EE387A22E49E6C00869CA5 = {
						CreatedOnToolsVersion = 10.2.1;
					};
				};
			};
			buildConfigurationList = E8EE387622E49E6C00869CA5 /* Build configuration list for PBXProject "CompDemo" */;
			compatibilityVersion = "Xcode 9.3";
			developmentRegion = en;
			hasScannedForEncodings = 0;
			knownRegions = (
				en,
				Base,
			);
			mainGroup = E8EE387222E49E6C00869CA5;
			productRefGroup = E8EE387C22E49E6C00869CA5 /* Products */;
			projectDirPath = "";
			projectRoot = "";
			targets = (
				E8EE387A22E49E6C00869CA5 /* CompDemo */,
			);
		};
/* End PBXProject section */

/* Begin PBXResourcesBuildPhase section */
		E8EE387922E49E6C00869CA5 /* Resources */ = {
			isa = PBXResourcesBuildPhase;
			buildActionMask = 2147483647;
			files = (
				E8EE388922E49E6D00869CA5 /* LaunchScreen.storyboard in Resources */,
				E8EE388622E49E6D00869CA5 /* Assets.xcassets in Resources */,
				E8EE388422E49E6C00869CA5 /* Main.storyboard in Resources */,
			);
			runOnlyForDeploymentPostprocessing = 0;
		};
/* End PBXResourcesBuildPhase section */

/* Begin PBXSourcesBuildPhase section */
		E8EE387722E49E6C00869CA5 /* Sources */ = {
			isa = PBXSourcesBuildPhase;
			buildActionMask = 2147483647;
			files = (
				E8EE388122E49E6C00869CA5 /* ViewController.swift in Sources */,
				E8EE389122E4E56500869CA5 /* SecondScreenVC.swift in Sources */,
				E8EE387F22E49E6C00869CA5 /* AppDelegate.swift in Sources */,
			);
			runOnlyForDeploymentPostprocessing = 0;
		};
/* End PBXSourcesBuildPhase section */

/* Begin PBXVariantGroup section */
		E8EE388222E49E6C00869CA5 /* Main.storyboard */ = {
			isa = PBXVariantGroup;
			children = (
				E8EE388322E49E6C00869CA5 /* Base */,
			);
			name = Main.storyboard;
			sourceTree = "<group>";
		};
		E8EE388722E49E6D00869CA5 /* LaunchScreen.storyboard */ = {
			isa = PBXVariantGroup;
			children = (
				E8EE388822E49E6D00869CA5 /* Base */,
			);
			name = LaunchScreen.storyboard;
			sourceTree = "<group>";
		};
/* End PBXVariantGroup section */

/* Begin XCBuildConfiguration section */
		E8EE388B22E49E6D00869CA5 /* Debug */ = {
			isa = XCBuildConfiguration;
			buildSettings = {
				ALWAYS_SEARCH_USER_PATHS = NO;
				CLANG_ANALYZER_NONNULL = YES;
				CLANG_ANALYZER_NUMBER_OBJECT_CONVERSION = YES_AGGRESSIVE;
				CLANG_CXX_LANGUAGE_STANDARD = "gnu++14";
				CLANG_CXX_LIBRARY = "libc++";
				CLANG_ENABLE_MODULES = YES;
				CLANG_ENABLE_OBJC_ARC = YES;
				CLANG_ENABLE_OBJC_WEAK = YES;
				CLANG_WARN_BLOCK_CAPTURE_AUTORELEASING = YES;
				CLANG_WARN_BOOL_CONVERSION = YES;
				CLANG_WARN_COMMA = YES;
				CLANG_WARN_CONSTANT_CONVERSION = YES;
				CLANG_WARN_DEPRECATED_OBJC_IMPLEMENTATIONS = YES;
				CLANG_WARN_DIRECT_OBJC_ISA_USAGE = YES_ERROR;
				CLANG_WARN_DOCUMENTATION_COMMENTS = YES;
				CLANG_WARN_EMPTY_BODY = YES;
				CLANG_WARN_ENUM_CONVERSION = YES;
				CLANG_WARN_INFINITE_RECURSION = YES;
				CLANG_WARN_INT_CONVERSION = YES;
				CLANG_WARN_NON_LITERAL_NULL_CONVERSION = YES;
				CLANG_WARN_OBJC_IMPLICIT_RETAIN_SELF = YES;
				CLANG_WARN_OBJC_LITERAL_CONVERSION = YES;
				CLANG_WARN_OBJC_ROOT_CLASS = YES_ERROR;
				CLANG_WARN_RANGE_LOOP_ANALYSIS = YES;
				CLANG_WARN_STRICT_PROTOTYPES = YES;
				CLANG_WARN_SUSPICIOUS_MOVE = YES;
				CLANG_WARN_UNGUARDED_AVAILABILITY = YES_AGGRESSIVE;
				CLANG_WARN_UNREACHABLE_CODE = YES;
				CLANG_WARN__DUPLICATE_METHOD_MATCH = YES;
				CODE_SIGN_IDENTITY = "iPhone Developer";
				COPY_PHASE_STRIP = NO;
				DEBUG_INFORMATION_FORMAT = dwarf;
				ENABLE_STRICT_OBJC_MSGSEND = YES;
				ENABLE_TESTABILITY = YES;
				GCC_C_LANGUAGE_STANDARD = gnu11;
				GCC_DYNAMIC_NO_PIC = NO;
				GCC_NO_COMMON_BLOCKS = YES;
				GCC_OPTIMIZATION_LEVEL = 0;
				GCC_PREPROCESSOR_DEFINITIONS = (
					"DEBUG=1",
					"$(inherited)",
				);
				GCC_WARN_64_TO_32_BIT_CONVERSION = YES;
				GCC_WARN_ABOUT_RETURN_TYPE = YES_ERROR;
				GCC_WARN_UNDECLARED_SELECTOR = YES;
				GCC_WARN_UNINITIALIZED_AUTOS = YES_AGGRESSIVE;
				GCC_WARN_UNUSED_FUNCTION = YES;
				GCC_WARN_UNUSED_VARIABLE = YES;
				IPHONEOS_DEPLOYMENT_TARGET = 12.2;
				MTL_ENABLE_DEBUG_INFO = INCLUDE_SOURCE;
				MTL_FAST_MATH = YES;
				ONLY_ACTIVE_ARCH = YES;
				SDKROOT = iphoneos;
				SWIFT_ACTIVE_COMPILATION_CONDITIONS = DEBUG;
				SWIFT_OPTIMIZATION_LEVEL = "-Onone";
			};
			name = Debug;
		};
		E8EE388C22E49E6D00869CA5 /* Release */ = {
			isa = XCBuildConfiguration;
			buildSettings = {
				ALWAYS_SEARCH_USER_PATHS = NO;
				CLANG_ANALYZER_NONNULL = YES;
				CLANG_ANALYZER_NUMBER_OBJECT_CONVERSION = YES_AGGRESSIVE;
				CLANG_CXX_LANGUAGE_STANDARD = "gnu++14";
				CLANG_CXX_LIBRARY = "libc++";
				CLANG_ENABLE_MODULES = YES;
				CLANG_ENABLE_OBJC_ARC = YES;
				CLANG_ENABLE_OBJC_WEAK = YES;
				CLANG_WARN_BLOCK_CAPTURE_AUTORELEASING = YES;
				CLANG_WARN_BOOL_CONVERSION = YES;
				CLANG_WARN_COMMA = YES;
				CLANG_WARN_CONSTANT_CONVERSION = YES;
				CLANG_WARN_DEPRECATED_OBJC_IMPLEMENTATIONS = YES;
				CLANG_WARN_DIRECT_OBJC_ISA_USAGE = YES_ERROR;
				CLANG_WARN_DOCUMENTATION_COMMENTS = YES;
				CLANG_WARN_EMPTY_BODY = YES;
				CLANG_WARN_ENUM_CONVERSION = YES;
				CLANG_WARN_INFINITE_RECURSION = YES;
				CLANG_WARN_INT_CONVERSION = YES;
				CLANG_WARN_NON_LITERAL_NULL_CONVERSION = YES;
				CLANG_WARN_OBJC_IMPLICIT_RETAIN_SELF = YES;
				CLANG_WARN_OBJC_LITERAL_CONVERSION = YES;
				CLANG_WARN_OBJC_ROOT_CLASS = YES_ERROR;
				CLANG_WARN_RANGE_LOOP_ANALYSIS = YES;
				CLANG_WARN_STRICT_PROTOTYPES = YES;
				CLANG_WARN_SUSPICIOUS_MOVE = YES;
				CLANG_WARN_UNGUARDED_AVAILABILITY = YES_AGGRESSIVE;
				CLANG_WARN_UNREACHABLE_CODE = YES;
				CLANG_WARN__DUPLICATE_METHOD_MATCH = YES;
				CODE_SIGN_IDENTITY = "iPhone Developer";
				COPY_PHASE_STRIP = NO;
				DEBUG_INFORMATION_FORMAT = "dwarf-with-dsym";
				ENABLE_NS_ASSERTIONS = NO;
				ENABLE_STRICT_OBJC_MSGSEND = YES;
				GCC_C_LANGUAGE_STANDARD = gnu11;
				GCC_NO_COMMON_BLOCKS = YES;
				GCC_WARN_64_TO_32_BIT_CONVERSION = YES;
				GCC_WARN_ABOUT_RETURN_TYPE = YES_ERROR;
				GCC_WARN_UNDECLARED_SELECTOR = YES;
				GCC_WARN_UNINITIALIZED_AUTOS = YES_AGGRESSIVE;
				GCC_WARN_UNUSED_FUNCTION = YES;
				GCC_WARN_UNUSED_VARIABLE = YES;
				IPHONEOS_DEPLOYMENT_TARGET = 12.2;
				MTL_ENABLE_DEBUG_INFO = NO;
				MTL_FAST_MATH = YES;
				SDKROOT = iphoneos;
				SWIFT_COMPILATION_MODE = wholemodule;
				SWIFT_OPTIMIZATION_LEVEL = "-O";
				VALIDATE_PRODUCT = YES;
			};
			name = Release;
		};
		E8EE388E22E49E6D00869CA5 /* Debug */ = {
			isa = XCBuildConfiguration;
			buildSettings = {
				ASSETCATALOG_COMPILER_APPICON_NAME = AppIcon;
				CODE_SIGN_STYLE = Automatic;
				DEVELOPMENT_TEAM = 6Q75K5AYWB;
				INFOPLIST_FILE = CompDemo/Info.plist;
				LD_RUNPATH_SEARCH_PATHS = (
					"$(inherited)",
					"@executable_path/Frameworks",
				);
				PRODUCT_BUNDLE_IDENTIFIER = com.moscowigor.CompDemo.CompDemo;
				PRODUCT_NAME = "$(TARGET_NAME)";
				SWIFT_VERSION = 5.0;
				TARGETED_DEVICE_FAMILY = "1,2";
			};
			name = Debug;
		};
		E8EE388F22E49E6D00869CA5 /* Release */ = {
			isa = XCBuildConfiguration;
			buildSettings = {
				ASSETCATALOG_COMPILER_APPICON_NAME = AppIcon;
				CODE_SIGN_STYLE = Automatic;
				DEVELOPMENT_TEAM = 6Q75K5AYWB;
				INFOPLIST_FILE = CompDemo/Info.plist;
				LD_RUNPATH_SEARCH_PATHS = (
					"$(inherited)",
					"@executable_path/Frameworks",
				);
				PRODUCT_BUNDLE_IDENTIFIER = com.moscowigor.CompDemo.CompDemo;
				PRODUCT_NAME = "$(TARGET_NAME)";
				SWIFT_VERSION = 5.0;
				TARGETED_DEVICE_FAMILY = "1,2";
			};
			name = Release;
		};
/* End XCBuildConfiguration section */

/* Begin XCConfigurationList section */
		E8EE387622E49E6C00869CA5 /* Build configuration list for PBXProject "CompDemo" */ = {
			isa = XCConfigurationList;
			buildConfigurations = (
				E8EE388B22E49E6D00869CA5 /* Debug */,
				E8EE388C22E49E6D00869CA5 /* Release */,
			);
			defaultConfigurationIsVisible = 0;
			defaultConfigurationName = Release;
		};
		E8EE388D22E49E6D00869CA5 /* Build configuration list for PBXNativeTarget "CompDemo" */ = {
			isa = XCConfigurationList;
			buildConfigurations = (
				E8EE388E22E49E6D00869CA5 /* Debug */,
				E8EE388F22E49E6D00869CA5 /* Release */,
			);
			defaultConfigurationIsVisible = 0;
			defaultConfigurationName = Release;
		};
/* End XCConfigurationList section */
	};
	rootObject = E8EE387322E49E6C00869CA5 /* Project object */;
}
